// !$*UTF8*$!
{
	archiveVersion = 1;
	classes = {
	};
	objectVersion = 55;
	objects = {

/* Begin PBXBuildFile section */
		BA78EA6E2916C7530073C166 /* AppDelegate.swift in Sources */ = {isa = PBXBuildFile; fileRef = BA78EA6D2916C7530073C166 /* AppDelegate.swift */; };
		BA78EA702916C7530073C166 /* SceneDelegate.swift in Sources */ = {isa = PBXBuildFile; fileRef = BA78EA6F2916C7530073C166 /* SceneDelegate.swift */; };
		BA78EA722916C7530073C166 /* ViewController.swift in Sources */ = {isa = PBXBuildFile; fileRef = BA78EA712916C7530073C166 /* ViewController.swift */; };
		BA78EA752916C7530073C166 /* Main.storyboard in Resources */ = {isa = PBXBuildFile; fileRef = BA78EA732916C7530073C166 /* Main.storyboard */; };
		BA78EA772916C7550073C166 /* Assets.xcassets in Resources */ = {isa = PBXBuildFile; fileRef = BA78EA762916C7550073C166 /* Assets.xcassets */; };
		BA78EA7A2916C7550073C166 /* LaunchScreen.storyboard in Resources */ = {isa = PBXBuildFile; fileRef = BA78EA782916C7550073C166 /* LaunchScreen.storyboard */; };
		BA78EA822916CEB90073C166 /* HomeTableViewHeader.xib in Resources */ = {isa = PBXBuildFile; fileRef = BA78EA812916CEB90073C166 /* HomeTableViewHeader.xib */; };
		BA78EA842916D1950073C166 /* HomeTableViewHeader.swift in Sources */ = {isa = PBXBuildFile; fileRef = BA78EA832916D1950073C166 /* HomeTableViewHeader.swift */; };
		BA78EA9029172A840073C166 /* ViagemTableViewCell.swift in Sources */ = {isa = PBXBuildFile; fileRef = BA78EA8E29172A840073C166 /* ViagemTableViewCell.swift */; };
		BA78EA9129172A840073C166 /* ViagemTableViewCell.xib in Resources */ = {isa = PBXBuildFile; fileRef = BA78EA8F29172A840073C166 /* ViagemTableViewCell.xib */; };
		BA78EA9429173C140073C166 /* server-response.json in Resources */ = {isa = PBXBuildFile; fileRef = BA78EA9329173C140073C166 /* server-response.json */; };
		BA78EA9629173D140073C166 /* DecodableData.swift in Sources */ = {isa = PBXBuildFile; fileRef = BA78EA9529173D140073C166 /* DecodableData.swift */; };
		BA78EA9829173D1D0073C166 /* Viagem.swift in Sources */ = {isa = PBXBuildFile; fileRef = BA78EA9729173D1D0073C166 /* Viagem.swift */; };
		BA78EA9A29173D400073C166 /* TiposDeViagens.swift in Sources */ = {isa = PBXBuildFile; fileRef = BA78EA9929173D400073C166 /* TiposDeViagens.swift */; };
		BA78EA9D29173D630073C166 /* UIView+Extension.swift in Sources */ = {isa = PBXBuildFile; fileRef = BA78EA9C29173D620073C166 /* UIView+Extension.swift */; };
		BA78EA9F29173DBC0073C166 /* ViagemViewModel.swift in Sources */ = {isa = PBXBuildFile; fileRef = BA78EA9E29173DBC0073C166 /* ViagemViewModel.swift */; };
		BA78EAA229173ECD0073C166 /* ViagemDestaqueViewModel.swift in Sources */ = {isa = PBXBuildFile; fileRef = BA78EAA129173ECD0073C166 /* ViagemDestaqueViewModel.swift */; };
		BA78EAA72917FFE20073C166 /* OfertaTableViewCell.swift in Sources */ = {isa = PBXBuildFile; fileRef = BA78EAA52917FFE20073C166 /* OfertaTableViewCell.swift */; };
		BA78EAA82917FFE20073C166 /* OfertaTableViewCell.xib in Resources */ = {isa = PBXBuildFile; fileRef = BA78EAA62917FFE20073C166 /* OfertaTableViewCell.xib */; };
		BA78EAAA2918039C0073C166 /* ViagemOfertaViewModel.swift in Sources */ = {isa = PBXBuildFile; fileRef = BA78EAA92918039C0073C166 /* ViagemOfertaViewModel.swift */; };
		BA78EAAE2918254E0073C166 /* DetalheViewController.swift in Sources */ = {isa = PBXBuildFile; fileRef = BA78EAAC2918254E0073C166 /* DetalheViewController.swift */; };
		BA78EAAF2918254E0073C166 /* DetalheViewController.xib in Resources */ = {isa = PBXBuildFile; fileRef = BA78EAAD2918254E0073C166 /* DetalheViewController.xib */; };
/* End PBXBuildFile section */

/* Begin PBXFileReference section */
		BA78EA6A2916C7530073C166 /* Alura Viagens V2.app */ = {isa = PBXFileReference; explicitFileType = wrapper.application; includeInIndex = 0; path = "Alura Viagens V2.app"; sourceTree = BUILT_PRODUCTS_DIR; };
		BA78EA6D2916C7530073C166 /* AppDelegate.swift */ = {isa = PBXFileReference; lastKnownFileType = sourcecode.swift; path = AppDelegate.swift; sourceTree = "<group>"; };
		BA78EA6F2916C7530073C166 /* SceneDelegate.swift */ = {isa = PBXFileReference; lastKnownFileType = sourcecode.swift; path = SceneDelegate.swift; sourceTree = "<group>"; };
		BA78EA712916C7530073C166 /* ViewController.swift */ = {isa = PBXFileReference; lastKnownFileType = sourcecode.swift; path = ViewController.swift; sourceTree = "<group>"; };
		BA78EA742916C7530073C166 /* Base */ = {isa = PBXFileReference; lastKnownFileType = file.storyboard; name = Base; path = Base.lproj/Main.storyboard; sourceTree = "<group>"; };
		BA78EA762916C7550073C166 /* Assets.xcassets */ = {isa = PBXFileReference; lastKnownFileType = folder.assetcatalog; path = Assets.xcassets; sourceTree = "<group>"; };
		BA78EA792916C7550073C166 /* Base */ = {isa = PBXFileReference; lastKnownFileType = file.storyboard; name = Base; path = Base.lproj/LaunchScreen.storyboard; sourceTree = "<group>"; };
		BA78EA7B2916C7550073C166 /* Info.plist */ = {isa = PBXFileReference; lastKnownFileType = text.plist.xml; path = Info.plist; sourceTree = "<group>"; };
		BA78EA812916CEB90073C166 /* HomeTableViewHeader.xib */ = {isa = PBXFileReference; lastKnownFileType = file.xib; path = HomeTableViewHeader.xib; sourceTree = "<group>"; };
		BA78EA832916D1950073C166 /* HomeTableViewHeader.swift */ = {isa = PBXFileReference; lastKnownFileType = sourcecode.swift; path = HomeTableViewHeader.swift; sourceTree = "<group>"; };
		BA78EA8E29172A840073C166 /* ViagemTableViewCell.swift */ = {isa = PBXFileReference; lastKnownFileType = sourcecode.swift; path = ViagemTableViewCell.swift; sourceTree = "<group>"; };
		BA78EA8F29172A840073C166 /* ViagemTableViewCell.xib */ = {isa = PBXFileReference; lastKnownFileType = file.xib; path = ViagemTableViewCell.xib; sourceTree = "<group>"; };
		BA78EA9329173C140073C166 /* server-response.json */ = {isa = PBXFileReference; fileEncoding = 4; lastKnownFileType = text.json; name = "server-response.json"; path = "../../../../../../Downloads/Arquivos Swift 2/arquivos/server-response.json"; sourceTree = "<group>"; };
		BA78EA9529173D140073C166 /* DecodableData.swift */ = {isa = PBXFileReference; fileEncoding = 4; lastKnownFileType = sourcecode.swift; name = DecodableData.swift; path = "../../../../../../Downloads/Arquivos Swift 2/arquivos/DecodableData.swift"; sourceTree = "<group>"; };
		BA78EA9729173D1D0073C166 /* Viagem.swift */ = {isa = PBXFileReference; fileEncoding = 4; lastKnownFileType = sourcecode.swift; name = Viagem.swift; path = "../../../../../../Downloads/Arquivos Swift 2/arquivos/Viagem.swift"; sourceTree = "<group>"; };
		BA78EA9929173D400073C166 /* TiposDeViagens.swift */ = {isa = PBXFileReference; fileEncoding = 4; lastKnownFileType = sourcecode.swift; name = TiposDeViagens.swift; path = "../../../../../../Downloads/Arquivos Swift 2/arquivos/TiposDeViagens.swift"; sourceTree = "<group>"; };
		BA78EA9C29173D620073C166 /* UIView+Extension.swift */ = {isa = PBXFileReference; fileEncoding = 4; lastKnownFileType = sourcecode.swift; name = "UIView+Extension.swift"; path = "../../../../../../Downloads/Arquivos Swift 2/arquivos/UIView+Extension.swift"; sourceTree = "<group>"; };
		BA78EA9E29173DBC0073C166 /* ViagemViewModel.swift */ = {isa = PBXFileReference; lastKnownFileType = sourcecode.swift; path = ViagemViewModel.swift; sourceTree = "<group>"; };
		BA78EAA129173ECD0073C166 /* ViagemDestaqueViewModel.swift */ = {isa = PBXFileReference; lastKnownFileType = sourcecode.swift; path = ViagemDestaqueViewModel.swift; sourceTree = "<group>"; };
		BA78EAA52917FFE20073C166 /* OfertaTableViewCell.swift */ = {isa = PBXFileReference; lastKnownFileType = sourcecode.swift; path = OfertaTableViewCell.swift; sourceTree = "<group>"; };
		BA78EAA62917FFE20073C166 /* OfertaTableViewCell.xib */ = {isa = PBXFileReference; lastKnownFileType = file.xib; path = OfertaTableViewCell.xib; sourceTree = "<group>"; };
		BA78EAA92918039C0073C166 /* ViagemOfertaViewModel.swift */ = {isa = PBXFileReference; lastKnownFileType = sourcecode.swift; path = ViagemOfertaViewModel.swift; sourceTree = "<group>"; };
		BA78EAAC2918254E0073C166 /* DetalheViewController.swift */ = {isa = PBXFileReference; lastKnownFileType = sourcecode.swift; path = DetalheViewController.swift; sourceTree = "<group>"; };
		BA78EAAD2918254E0073C166 /* DetalheViewController.xib */ = {isa = PBXFileReference; lastKnownFileType = file.xib; path = DetalheViewController.xib; sourceTree = "<group>"; };
/* End PBXFileReference section */

/* Begin PBXFrameworksBuildPhase section */
		BA78EA672916C7530073C166 /* Frameworks */ = {
			isa = PBXFrameworksBuildPhase;
			buildActionMask = 2147483647;
			files = (
			);
			runOnlyForDeploymentPostprocessing = 0;
		};
/* End PBXFrameworksBuildPhase section */

/* Begin PBXGroup section */
		BA78EA612916C7530073C166 = {
			isa = PBXGroup;
			children = (
				BA78EA6C2916C7530073C166 /* Alura Viagens V2 */,
				BA78EA6B2916C7530073C166 /* Products */,
			);
			sourceTree = "<group>";
		};
		BA78EA6B2916C7530073C166 /* Products */ = {
			isa = PBXGroup;
			children = (
				BA78EA6A2916C7530073C166 /* Alura Viagens V2.app */,
			);
			name = Products;
			sourceTree = "<group>";
		};
		BA78EA6C2916C7530073C166 /* Alura Viagens V2 */ = {
			isa = PBXGroup;
			children = (
				BA78EA9B29173D560073C166 /* Extensions */,
				BA78EA9229173BAA0073C166 /* Mock */,
				BA78EA89291717C00073C166 /* ViewModel */,
				BA78EA87291717760073C166 /* View */,
				BA78EA85291717400073C166 /* AppDelegate */,
				BA78EA86291717630073C166 /* Model */,
				BA78EA762916C7550073C166 /* Assets.xcassets */,
				BA78EA782916C7550073C166 /* LaunchScreen.storyboard */,
				BA78EA7B2916C7550073C166 /* Info.plist */,
			);
			path = "Alura Viagens V2";
			sourceTree = "<group>";
		};
		BA78EA85291717400073C166 /* AppDelegate */ = {
			isa = PBXGroup;
			children = (
				BA78EA6D2916C7530073C166 /* AppDelegate.swift */,
				BA78EA6F2916C7530073C166 /* SceneDelegate.swift */,
			);
			path = AppDelegate;
			sourceTree = "<group>";
		};
		BA78EA86291717630073C166 /* Model */ = {
			isa = PBXGroup;
			children = (
				BA78EA9929173D400073C166 /* TiposDeViagens.swift */,
				BA78EA9729173D1D0073C166 /* Viagem.swift */,
				BA78EA9529173D140073C166 /* DecodableData.swift */,
			);
			path = Model;
			sourceTree = "<group>";
		};
		BA78EA87291717760073C166 /* View */ = {
			isa = PBXGroup;
			children = (
				BA78EAAB2918251F0073C166 /* DetalheViewController */,
				BA78EA8D291729D70073C166 /* Cell */,
				BA78EA882917179F0073C166 /* Header */,
				BA78EA712916C7530073C166 /* ViewController.swift */,
				BA78EA732916C7530073C166 /* Main.storyboard */,
			);
			path = View;
			sourceTree = "<group>";
		};
		BA78EA882917179F0073C166 /* Header */ = {
			isa = PBXGroup;
			children = (
				BA78EA812916CEB90073C166 /* HomeTableViewHeader.xib */,
				BA78EA832916D1950073C166 /* HomeTableViewHeader.swift */,
			);
			path = Header;
			sourceTree = "<group>";
		};
		BA78EA89291717C00073C166 /* ViewModel */ = {
			isa = PBXGroup;
			children = (
				BA78EA9E29173DBC0073C166 /* ViagemViewModel.swift */,
				BA78EAA129173ECD0073C166 /* ViagemDestaqueViewModel.swift */,
				BA78EAA92918039C0073C166 /* ViagemOfertaViewModel.swift */,
			);
			path = ViewModel;
			sourceTree = "<group>";
		};
		BA78EA8D291729D70073C166 /* Cell */ = {
			isa = PBXGroup;
			children = (
				BA78EAA42917FFA70073C166 /* Oferta */,
				BA78EAA3291755940073C166 /* Destaque */,
			);
			path = Cell;
			sourceTree = "<group>";
		};
		BA78EA9229173BAA0073C166 /* Mock */ = {
			isa = PBXGroup;
			children = (
				BA78EA9329173C140073C166 /* server-response.json */,
			);
			path = Mock;
			sourceTree = "<group>";
		};
		BA78EA9B29173D560073C166 /* Extensions */ = {
			isa = PBXGroup;
			children = (
				BA78EA9C29173D620073C166 /* UIView+Extension.swift */,
			);
			path = Extensions;
			sourceTree = "<group>";
		};
		BA78EAA3291755940073C166 /* Destaque */ = {
			isa = PBXGroup;
			children = (
				BA78EA8E29172A840073C166 /* ViagemTableViewCell.swift */,
				BA78EA8F29172A840073C166 /* ViagemTableViewCell.xib */,
			);
			path = Destaque;
			sourceTree = "<group>";
		};
		BA78EAA42917FFA70073C166 /* Oferta */ = {
			isa = PBXGroup;
			children = (
				BA78EAA52917FFE20073C166 /* OfertaTableViewCell.swift */,
				BA78EAA62917FFE20073C166 /* OfertaTableViewCell.xib */,
			);
			path = Oferta;
			sourceTree = "<group>";
		};
		BA78EAAB2918251F0073C166 /* DetalheViewController */ = {
			isa = PBXGroup;
			children = (
				BA78EAAC2918254E0073C166 /* DetalheViewController.swift */,
				BA78EAAD2918254E0073C166 /* DetalheViewController.xib */,
			);
			path = DetalheViewController;
			sourceTree = "<group>";
		};
/* End PBXGroup section */

/* Begin PBXNativeTarget section */
		BA78EA692916C7530073C166 /* Alura Viagens V2 */ = {
			isa = PBXNativeTarget;
			buildConfigurationList = BA78EA7E2916C7550073C166 /* Build configuration list for PBXNativeTarget "Alura Viagens V2" */;
			buildPhases = (
				BA78EA662916C7530073C166 /* Sources */,
				BA78EA672916C7530073C166 /* Frameworks */,
				BA78EA682916C7530073C166 /* Resources */,
			);
			buildRules = (
			);
			dependencies = (
			);
			name = "Alura Viagens V2";
			productName = "Alura Viagens V2";
			productReference = BA78EA6A2916C7530073C166 /* Alura Viagens V2.app */;
			productType = "com.apple.product-type.application";
		};
/* End PBXNativeTarget section */

/* Begin PBXProject section */
		BA78EA622916C7530073C166 /* Project object */ = {
			isa = PBXProject;
			attributes = {
				BuildIndependentTargetsInParallel = 1;
				LastSwiftUpdateCheck = 1320;
				LastUpgradeCheck = 1320;
				TargetAttributes = {
					BA78EA692916C7530073C166 = {
						CreatedOnToolsVersion = 13.2.1;
					};
				};
			};
			buildConfigurationList = BA78EA652916C7530073C166 /* Build configuration list for PBXProject "Alura Viagens V2" */;
			compatibilityVersion = "Xcode 13.0";
			developmentRegion = en;
			hasScannedForEncodings = 0;
			knownRegions = (
				en,
				Base,
			);
			mainGroup = BA78EA612916C7530073C166;
			productRefGroup = BA78EA6B2916C7530073C166 /* Products */;
			projectDirPath = "";
			projectRoot = "";
			targets = (
				BA78EA692916C7530073C166 /* Alura Viagens V2 */,
			);
		};
/* End PBXProject section */

/* Begin PBXResourcesBuildPhase section */
		BA78EA682916C7530073C166 /* Resources */ = {
			isa = PBXResourcesBuildPhase;
			buildActionMask = 2147483647;
			files = (
				BA78EAAF2918254E0073C166 /* DetalheViewController.xib in Resources */,
				BA78EA7A2916C7550073C166 /* LaunchScreen.storyboard in Resources */,
				BA78EA9429173C140073C166 /* server-response.json in Resources */,
				BA78EA822916CEB90073C166 /* HomeTableViewHeader.xib in Resources */,
				BA78EA772916C7550073C166 /* Assets.xcassets in Resources */,
				BA78EA752916C7530073C166 /* Main.storyboard in Resources */,
				BA78EA9129172A840073C166 /* ViagemTableViewCell.xib in Resources */,
				BA78EAA82917FFE20073C166 /* OfertaTableViewCell.xib in Resources */,
			);
			runOnlyForDeploymentPostprocessing = 0;
		};
/* End PBXResourcesBuildPhase section */

/* Begin PBXSourcesBuildPhase section */
		BA78EA662916C7530073C166 /* Sources */ = {
			isa = PBXSourcesBuildPhase;
			buildActionMask = 2147483647;
			files = (
				BA78EA722916C7530073C166 /* ViewController.swift in Sources */,
				BA78EA9029172A840073C166 /* ViagemTableViewCell.swift in Sources */,
				BA78EA842916D1950073C166 /* HomeTableViewHeader.swift in Sources */,
				BA78EA9D29173D630073C166 /* UIView+Extension.swift in Sources */,
				BA78EAAA2918039C0073C166 /* ViagemOfertaViewModel.swift in Sources */,
				BA78EAA72917FFE20073C166 /* OfertaTableViewCell.swift in Sources */,
				BA78EA9629173D140073C166 /* DecodableData.swift in Sources */,
				BA78EA9A29173D400073C166 /* TiposDeViagens.swift in Sources */,
				BA78EA6E2916C7530073C166 /* AppDelegate.swift in Sources */,
				BA78EA9829173D1D0073C166 /* Viagem.swift in Sources */,
				BA78EA702916C7530073C166 /* SceneDelegate.swift in Sources */,
				BA78EA9F29173DBC0073C166 /* ViagemViewModel.swift in Sources */,
				BA78EAAE2918254E0073C166 /* DetalheViewController.swift in Sources */,
				BA78EAA229173ECD0073C166 /* ViagemDestaqueViewModel.swift in Sources */,
			);
			runOnlyForDeploymentPostprocessing = 0;
		};
/* End PBXSourcesBuildPhase section */

/* Begin PBXVariantGroup section */
		BA78EA732916C7530073C166 /* Main.storyboard */ = {
			isa = PBXVariantGroup;
			children = (
				BA78EA742916C7530073C166 /* Base */,
			);
			name = Main.storyboard;
			sourceTree = "<group>";
		};
		BA78EA782916C7550073C166 /* LaunchScreen.storyboard */ = {
			isa = PBXVariantGroup;
			children = (
				BA78EA792916C7550073C166 /* Base */,
			);
			name = LaunchScreen.storyboard;
			sourceTree = "<group>";
		};
/* End PBXVariantGroup section */

/* Begin XCBuildConfiguration section */
		BA78EA7C2916C7550073C166 /* Debug */ = {
			isa = XCBuildConfiguration;
			buildSettings = {
				ALWAYS_SEARCH_USER_PATHS = NO;
				CLANG_ANALYZER_NONNULL = YES;
				CLANG_ANALYZER_NUMBER_OBJECT_CONVERSION = YES_AGGRESSIVE;
				CLANG_CXX_LANGUAGE_STANDARD = "gnu++17";
				CLANG_CXX_LIBRARY = "libc++";
				CLANG_ENABLE_MODULES = YES;
				CLANG_ENABLE_OBJC_ARC = YES;
				CLANG_ENABLE_OBJC_WEAK = YES;
				CLANG_WARN_BLOCK_CAPTURE_AUTORELEASING = YES;
				CLANG_WARN_BOOL_CONVERSION = YES;
				CLANG_WARN_COMMA = YES;
				CLANG_WARN_CONSTANT_CONVERSION = YES;
				CLANG_WARN_DEPRECATED_OBJC_IMPLEMENTATIONS = YES;
				CLANG_WARN_DIRECT_OBJC_ISA_USAGE = YES_ERROR;
				CLANG_WARN_DOCUMENTATION_COMMENTS = YES;
				CLANG_WARN_EMPTY_BODY = YES;
				CLANG_WARN_ENUM_CONVERSION = YES;
				CLANG_WARN_INFINITE_RECURSION = YES;
				CLANG_WARN_INT_CONVERSION = YES;
				CLANG_WARN_NON_LITERAL_NULL_CONVERSION = YES;
				CLANG_WARN_OBJC_IMPLICIT_RETAIN_SELF = YES;
				CLANG_WARN_OBJC_LITERAL_CONVERSION = YES;
				CLANG_WARN_OBJC_ROOT_CLASS = YES_ERROR;
				CLANG_WARN_QUOTED_INCLUDE_IN_FRAMEWORK_HEADER = YES;
				CLANG_WARN_RANGE_LOOP_ANALYSIS = YES;
				CLANG_WARN_STRICT_PROTOTYPES = YES;
				CLANG_WARN_SUSPICIOUS_MOVE = YES;
				CLANG_WARN_UNGUARDED_AVAILABILITY = YES_AGGRESSIVE;
				CLANG_WARN_UNREACHABLE_CODE = YES;
				CLANG_WARN__DUPLICATE_METHOD_MATCH = YES;
				COPY_PHASE_STRIP = NO;
				DEBUG_INFORMATION_FORMAT = dwarf;
				ENABLE_STRICT_OBJC_MSGSEND = YES;
				ENABLE_TESTABILITY = YES;
				GCC_C_LANGUAGE_STANDARD = gnu11;
				GCC_DYNAMIC_NO_PIC = NO;
				GCC_NO_COMMON_BLOCKS = YES;
				GCC_OPTIMIZATION_LEVEL = 0;
				GCC_PREPROCESSOR_DEFINITIONS = (
					"DEBUG=1",
					"$(inherited)",
				);
				GCC_WARN_64_TO_32_BIT_CONVERSION = YES;
				GCC_WARN_ABOUT_RETURN_TYPE = YES_ERROR;
				GCC_WARN_UNDECLARED_SELECTOR = YES;
				GCC_WARN_UNINITIALIZED_AUTOS = YES_AGGRESSIVE;
				GCC_WARN_UNUSED_FUNCTION = YES;
				GCC_WARN_UNUSED_VARIABLE = YES;
				IPHONEOS_DEPLOYMENT_TARGET = 15.2;
				MTL_ENABLE_DEBUG_INFO = INCLUDE_SOURCE;
				MTL_FAST_MATH = YES;
				ONLY_ACTIVE_ARCH = YES;
				SDKROOT = iphoneos;
				SWIFT_ACTIVE_COMPILATION_CONDITIONS = DEBUG;
				SWIFT_OPTIMIZATION_LEVEL = "-Onone";
			};
			name = Debug;
		};
		BA78EA7D2916C7550073C166 /* Release */ = {
			isa = XCBuildConfiguration;
			buildSettings = {
				ALWAYS_SEARCH_USER_PATHS = NO;
				CLANG_ANALYZER_NONNULL = YES;
				CLANG_ANALYZER_NUMBER_OBJECT_CONVERSION = YES_AGGRESSIVE;
				CLANG_CXX_LANGUAGE_STANDARD = "gnu++17";
				CLANG_CXX_LIBRARY = "libc++";
				CLANG_ENABLE_MODULES = YES;
				CLANG_ENABLE_OBJC_ARC = YES;
				CLANG_ENABLE_OBJC_WEAK = YES;
				CLANG_WARN_BLOCK_CAPTURE_AUTORELEASING = YES;
				CLANG_WARN_BOOL_CONVERSION = YES;
				CLANG_WARN_COMMA = YES;
				CLANG_WARN_CONSTANT_CONVERSION = YES;
				CLANG_WARN_DEPRECATED_OBJC_IMPLEMENTATIONS = YES;
				CLANG_WARN_DIRECT_OBJC_ISA_USAGE = YES_ERROR;
				CLANG_WARN_DOCUMENTATION_COMMENTS = YES;
				CLANG_WARN_EMPTY_BODY = YES;
				CLANG_WARN_ENUM_CONVERSION = YES;
				CLANG_WARN_INFINITE_RECURSION = YES;
				CLANG_WARN_INT_CONVERSION = YES;
				CLANG_WARN_NON_LITERAL_NULL_CONVERSION = YES;
				CLANG_WARN_OBJC_IMPLICIT_RETAIN_SELF = YES;
				CLANG_WARN_OBJC_LITERAL_CONVERSION = YES;
				CLANG_WARN_OBJC_ROOT_CLASS = YES_ERROR;
				CLANG_WARN_QUOTED_INCLUDE_IN_FRAMEWORK_HEADER = YES;
				CLANG_WARN_RANGE_LOOP_ANALYSIS = YES;
				CLANG_WARN_STRICT_PROTOTYPES = YES;
				CLANG_WARN_SUSPICIOUS_MOVE = YES;
				CLANG_WARN_UNGUARDED_AVAILABILITY = YES_AGGRESSIVE;
				CLANG_WARN_UNREACHABLE_CODE = YES;
				CLANG_WARN__DUPLICATE_METHOD_MATCH = YES;
				COPY_PHASE_STRIP = NO;
				DEBUG_INFORMATION_FORMAT = "dwarf-with-dsym";
				ENABLE_NS_ASSERTIONS = NO;
				ENABLE_STRICT_OBJC_MSGSEND = YES;
				GCC_C_LANGUAGE_STANDARD = gnu11;
				GCC_NO_COMMON_BLOCKS = YES;
				GCC_WARN_64_TO_32_BIT_CONVERSION = YES;
				GCC_WARN_ABOUT_RETURN_TYPE = YES_ERROR;
				GCC_WARN_UNDECLARED_SELECTOR = YES;
				GCC_WARN_UNINITIALIZED_AUTOS = YES_AGGRESSIVE;
				GCC_WARN_UNUSED_FUNCTION = YES;
				GCC_WARN_UNUSED_VARIABLE = YES;
				IPHONEOS_DEPLOYMENT_TARGET = 15.2;
				MTL_ENABLE_DEBUG_INFO = NO;
				MTL_FAST_MATH = YES;
				SDKROOT = iphoneos;
				SWIFT_COMPILATION_MODE = wholemodule;
				SWIFT_OPTIMIZATION_LEVEL = "-O";
				VALIDATE_PRODUCT = YES;
			};
			name = Release;
		};
		BA78EA7F2916C7550073C166 /* Debug */ = {
			isa = XCBuildConfiguration;
			buildSettings = {
				ASSETCATALOG_COMPILER_APPICON_NAME = AppIcon;
				ASSETCATALOG_COMPILER_GLOBAL_ACCENT_COLOR_NAME = AccentColor;
				CODE_SIGN_STYLE = Automatic;
				CURRENT_PROJECT_VERSION = 1;
				GENERATE_INFOPLIST_FILE = YES;
				INFOPLIST_FILE = "Alura Viagens V2/Info.plist";
				INFOPLIST_KEY_UIApplicationSupportsIndirectInputEvents = YES;
				INFOPLIST_KEY_UILaunchStoryboardName = LaunchScreen;
				INFOPLIST_KEY_UIMainStoryboardFile = Main;
				INFOPLIST_KEY_UISupportedInterfaceOrientations_iPad = "UIInterfaceOrientationPortrait UIInterfaceOrientationPortraitUpsideDown UIInterfaceOrientationLandscapeLeft UIInterfaceOrientationLandscapeRight";
				INFOPLIST_KEY_UISupportedInterfaceOrientations_iPhone = "UIInterfaceOrientationPortrait UIInterfaceOrientationLandscapeLeft UIInterfaceOrientationLandscapeRight";
				LD_RUNPATH_SEARCH_PATHS = (
					"$(inherited)",
					"@executable_path/Frameworks",
				);
				MARKETING_VERSION = 1.0;
				PRODUCT_BUNDLE_IDENTIFIER = "br.com.foja.Alura-Viagens-V2";
				PRODUCT_NAME = "$(TARGET_NAME)";
				SWIFT_EMIT_LOC_STRINGS = YES;
				SWIFT_VERSION = 5.0;
				TARGETED_DEVICE_FAMILY = "1,2";
			};
			name = Debug;
		};
		BA78EA802916C7550073C166 /* Release */ = {
			isa = XCBuildConfiguration;
			buildSettings = {
				ASSETCATALOG_COMPILER_APPICON_NAME = AppIcon;
				ASSETCATALOG_COMPILER_GLOBAL_ACCENT_COLOR_NAME = AccentColor;
				CODE_SIGN_STYLE = Automatic;
				CURRENT_PROJECT_VERSION = 1;
				GENERATE_INFOPLIST_FILE = YES;
				INFOPLIST_FILE = "Alura Viagens V2/Info.plist";
				INFOPLIST_KEY_UIApplicationSupportsIndirectInputEvents = YES;
				INFOPLIST_KEY_UILaunchStoryboardName = LaunchScreen;
				INFOPLIST_KEY_UIMainStoryboardFile = Main;
				INFOPLIST_KEY_UISupportedInterfaceOrientations_iPad = "UIInterfaceOrientationPortrait UIInterfaceOrientationPortraitUpsideDown UIInterfaceOrientationLandscapeLeft UIInterfaceOrientationLandscapeRight";
				INFOPLIST_KEY_UISupportedInterfaceOrientations_iPhone = "UIInterfaceOrientationPortrait UIInterfaceOrientationLandscapeLeft UIInterfaceOrientationLandscapeRight";
				LD_RUNPATH_SEARCH_PATHS = (
					"$(inherited)",
					"@executable_path/Frameworks",
				);
				MARKETING_VERSION = 1.0;
				PRODUCT_BUNDLE_IDENTIFIER = "br.com.foja.Alura-Viagens-V2";
				PRODUCT_NAME = "$(TARGET_NAME)";
				SWIFT_EMIT_LOC_STRINGS = YES;
				SWIFT_VERSION = 5.0;
				TARGETED_DEVICE_FAMILY = "1,2";
			};
			name = Release;
		};
/* End XCBuildConfiguration section */

/* Begin XCConfigurationList section */
		BA78EA652916C7530073C166 /* Build configuration list for PBXProject "Alura Viagens V2" */ = {
			isa = XCConfigurationList;
			buildConfigurations = (
				BA78EA7C2916C7550073C166 /* Debug */,
				BA78EA7D2916C7550073C166 /* Release */,
			);
			defaultConfigurationIsVisible = 0;
			defaultConfigurationName = Release;
		};
		BA78EA7E2916C7550073C166 /* Build configuration list for PBXNativeTarget "Alura Viagens V2" */ = {
			isa = XCConfigurationList;
			buildConfigurations = (
				BA78EA7F2916C7550073C166 /* Debug */,
				BA78EA802916C7550073C166 /* Release */,
			);
			defaultConfigurationIsVisible = 0;
			defaultConfigurationName = Release;
		};
/* End XCConfigurationList section */
	};
	rootObject = BA78EA622916C7530073C166 /* Project object */;
}
